
Microsoft Visual Studio Solution File, Format Version 12.00
# Visual Studio 15
VisualStudioVersion = 15.0.27703.2047
MinimumVisualStudioVersion = 10.0.40219.1
Project("{FAE04EC0-301F-11D3-BF4B-00C04F79EFBC}") = "SafePoint", "SafePoint\SafePoint.csproj", "{8A7AD45E-CA61-4B4E-B07F-5069F1B1927A}"
EndProject
Project("{FAE04EC0-301F-11D3-BF4B-00C04F79EFBC}") = "SafePoint.Tests", "SafePoint.Tests\SafePoint.Tests.csproj", "{666D9975-A353-4F4C-8FBD-445B398EC5BA}"
EndProject
Global
	GlobalSection(SolutionConfigurationPlatforms) = preSolution
		Debug|Any CPU = Debug|Any CPU
		Release|Any CPU = Release|Any CPU
	EndGlobalSection
	GlobalSection(ProjectConfigurationPlatforms) = postSolution
		{8A7AD45E-CA61-4B4E-B07F-5069F1B1927A}.Debug|Any CPU.ActiveCfg = Debug|Any CPU
		{8A7AD45E-CA61-4B4E-B07F-5069F1B1927A}.Debug|Any CPU.Build.0 = Debug|Any CPU
		{8A7AD45E-CA61-4B4E-B07F-5069F1B1927A}.Release|Any CPU.ActiveCfg = Release|Any CPU
		{8A7AD45E-CA61-4B4E-B07F-5069F1B1927A}.Release|Any CPU.Build.0 = Release|Any CPU
		{666D9975-A353-4F4C-8FBD-445B398EC5BA}.Debug|Any CPU.ActiveCfg = Debug|Any CPU
		{666D9975-A353-4F4C-8FBD-445B398EC5BA}.Debug|Any CPU.Build.0 = Debug|Any CPU
		{666D9975-A353-4F4C-8FBD-445B398EC5BA}.Release|Any CPU.ActiveCfg = Release|Any CPU
		{666D9975-A353-4F4C-8FBD-445B398EC5BA}.Release|Any CPU.Build.0 = Release|Any CPU
	EndGlobalSection
	GlobalSection(SolutionProperties) = preSolution
		HideSolutionNode = FALSE
	EndGlobalSection
	GlobalSection(ExtensibilityGlobals) = postSolution
		SolutionGuid = {BFCE6917-CAC9-4A87-869C-984782974C31}
	EndGlobalSection
EndGlobal
